// !$*UTF8*$!
{
	archiveVersion = 1;
	classes = {
	};
	objectVersion = 48;
	objects = {

/* Begin PBXBuildFile section */
		78F70DFA62B3E84D02AEF3B1 /* Pods_helpingHandV2.framework in Frameworks */ = {isa = PBXBuildFile; fileRef = 528BECF555C234B3C38DB52C /* Pods_helpingHandV2.framework */; };
		CAD030431F86E93000276DA9 /* AppDelegate.swift in Sources */ = {isa = PBXBuildFile; fileRef = CAD030421F86E93000276DA9 /* AppDelegate.swift */; };
		CAD030481F86E93000276DA9 /* Main.storyboard in Resources */ = {isa = PBXBuildFile; fileRef = CAD030461F86E93000276DA9 /* Main.storyboard */; };
		CAD0304B1F86E93000276DA9 /* helpingHandV2.xcdatamodeld in Sources */ = {isa = PBXBuildFile; fileRef = CAD030491F86E93000276DA9 /* helpingHandV2.xcdatamodeld */; };
		CAD0304D1F86E93000276DA9 /* Assets.xcassets in Resources */ = {isa = PBXBuildFile; fileRef = CAD0304C1F86E93000276DA9 /* Assets.xcassets */; };
		CAD030501F86E93000276DA9 /* LaunchScreen.storyboard in Resources */ = {isa = PBXBuildFile; fileRef = CAD0304E1F86E93000276DA9 /* LaunchScreen.storyboard */; };
		CAD0305A1F86F0A000276DA9 /* ViewController.swift in Sources */ = {isa = PBXBuildFile; fileRef = CAD030591F86F0A000276DA9 /* ViewController.swift */; };
/* End PBXBuildFile section */

/* Begin PBXFileReference section */
		4A5CAEF92A8940581F15EFEC /* Pods-helpingHandV2.debug.xcconfig */ = {isa = PBXFileReference; includeInIndex = 1; lastKnownFileType = text.xcconfig; name = "Pods-helpingHandV2.debug.xcconfig"; path = "Pods/Target Support Files/Pods-helpingHandV2/Pods-helpingHandV2.debug.xcconfig"; sourceTree = "<group>"; };
		528BECF555C234B3C38DB52C /* Pods_helpingHandV2.framework */ = {isa = PBXFileReference; explicitFileType = wrapper.framework; includeInIndex = 0; path = Pods_helpingHandV2.framework; sourceTree = BUILT_PRODUCTS_DIR; };
		BA55F9295664ED586C41444B /* Pods-helpingHandV2.release.xcconfig */ = {isa = PBXFileReference; includeInIndex = 1; lastKnownFileType = text.xcconfig; name = "Pods-helpingHandV2.release.xcconfig"; path = "Pods/Target Support Files/Pods-helpingHandV2/Pods-helpingHandV2.release.xcconfig"; sourceTree = "<group>"; };
		CAD0303F1F86E93000276DA9 /* helpingHandV2.app */ = {isa = PBXFileReference; explicitFileType = wrapper.application; includeInIndex = 0; path = helpingHandV2.app; sourceTree = BUILT_PRODUCTS_DIR; };
		CAD030421F86E93000276DA9 /* AppDelegate.swift */ = {isa = PBXFileReference; lastKnownFileType = sourcecode.swift; path = AppDelegate.swift; sourceTree = "<group>"; };
		CAD030471F86E93000276DA9 /* Base */ = {isa = PBXFileReference; lastKnownFileType = file.storyboard; name = Base; path = Base.lproj/Main.storyboard; sourceTree = "<group>"; };
		CAD0304A1F86E93000276DA9 /* helpingHandV2.xcdatamodel */ = {isa = PBXFileReference; lastKnownFileType = wrapper.xcdatamodel; path = helpingHandV2.xcdatamodel; sourceTree = "<group>"; };
		CAD0304C1F86E93000276DA9 /* Assets.xcassets */ = {isa = PBXFileReference; lastKnownFileType = folder.assetcatalog; path = Assets.xcassets; sourceTree = "<group>"; };
		CAD0304F1F86E93000276DA9 /* Base */ = {isa = PBXFileReference; lastKnownFileType = file.storyboard; name = Base; path = Base.lproj/LaunchScreen.storyboard; sourceTree = "<group>"; };
		CAD030511F86E93000276DA9 /* Info.plist */ = {isa = PBXFileReference; lastKnownFileType = text.plist.xml; path = Info.plist; sourceTree = "<group>"; };
		CAD030591F86F0A000276DA9 /* ViewController.swift */ = {isa = PBXFileReference; lastKnownFileType = sourcecode.swift; name = ViewController.swift; path = ../../../../../../.Trash/ViewController.swift; sourceTree = "<group>"; };
/* End PBXFileReference section */

/* Begin PBXFrameworksBuildPhase section */
		CAD0303C1F86E93000276DA9 /* Frameworks */ = {
			isa = PBXFrameworksBuildPhase;
			buildActionMask = 2147483647;
			files = (
				78F70DFA62B3E84D02AEF3B1 /* Pods_helpingHandV2.framework in Frameworks */,
			);
			runOnlyForDeploymentPostprocessing = 0;
		};
/* End PBXFrameworksBuildPhase section */

/* Begin PBXGroup section */
		85E75F116ADD681C998FD625 /* Frameworks */ = {
			isa = PBXGroup;
			children = (
				528BECF555C234B3C38DB52C /* Pods_helpingHandV2.framework */,
			);
			name = Frameworks;
			sourceTree = "<group>";
		};
		BA296CEA03686C2970228AE9 /* Pods */ = {
			isa = PBXGroup;
			children = (
				4A5CAEF92A8940581F15EFEC /* Pods-helpingHandV2.debug.xcconfig */,
				BA55F9295664ED586C41444B /* Pods-helpingHandV2.release.xcconfig */,
			);
			name = Pods;
			sourceTree = "<group>";
		};
		CAD030361F86E93000276DA9 = {
			isa = PBXGroup;
			children = (
				CAD030411F86E93000276DA9 /* helpingHandV2 */,
				CAD030401F86E93000276DA9 /* Products */,
				BA296CEA03686C2970228AE9 /* Pods */,
				85E75F116ADD681C998FD625 /* Frameworks */,
			);
			sourceTree = "<group>";
		};
		CAD030401F86E93000276DA9 /* Products */ = {
			isa = PBXGroup;
			children = (
				CAD0303F1F86E93000276DA9 /* helpingHandV2.app */,
			);
			name = Products;
			sourceTree = "<group>";
		};
		CAD030411F86E93000276DA9 /* helpingHandV2 */ = {
			isa = PBXGroup;
			children = (
				CAD030421F86E93000276DA9 /* AppDelegate.swift */,
				CAD030461F86E93000276DA9 /* Main.storyboard */,
				CAD030591F86F0A000276DA9 /* ViewController.swift */,
				CAD0304C1F86E93000276DA9 /* Assets.xcassets */,
				CAD0304E1F86E93000276DA9 /* LaunchScreen.storyboard */,
				CAD030511F86E93000276DA9 /* Info.plist */,
				CAD030491F86E93000276DA9 /* helpingHandV2.xcdatamodeld */,
			);
			path = helpingHandV2;
			sourceTree = "<group>";
		};
/* End PBXGroup section */

/* Begin PBXNativeTarget section */
		CAD0303E1F86E93000276DA9 /* helpingHandV2 */ = {
			isa = PBXNativeTarget;
			buildConfigurationList = CAD030541F86E93000276DA9 /* Build configuration list for PBXNativeTarget "helpingHandV2" */;
			buildPhases = (
				B5A7253C42DC5610EF78D165 /* [CP] Check Pods Manifest.lock */,
				CAD0303B1F86E93000276DA9 /* Sources */,
				CAD0303C1F86E93000276DA9 /* Frameworks */,
				CAD0303D1F86E93000276DA9 /* Resources */,
				F65DCBE60E4FE8C47EC2B965 /* [CP] Embed Pods Frameworks */,
				5DF95249EBCA78005DBBA8D2 /* [CP] Copy Pods Resources */,
			);
			buildRules = (
			);
			dependencies = (
			);
			name = helpingHandV2;
			productName = helpingHandV2;
			productReference = CAD0303F1F86E93000276DA9 /* helpingHandV2.app */;
			productType = "com.apple.product-type.application";
		};
/* End PBXNativeTarget section */

/* Begin PBXProject section */
		CAD030371F86E93000276DA9 /* Project object */ = {
			isa = PBXProject;
			attributes = {
				LastSwiftUpdateCheck = 0900;
				LastUpgradeCheck = 0900;
				ORGANIZATIONNAME = "Hamza Lakhani";
				TargetAttributes = {
					CAD0303E1F86E93000276DA9 = {
						CreatedOnToolsVersion = 9.0;
						ProvisioningStyle = Automatic;
					};
				};
			};
			buildConfigurationList = CAD0303A1F86E93000276DA9 /* Build configuration list for PBXProject "helpingHandV2" */;
			compatibilityVersion = "Xcode 8.0";
			developmentRegion = en;
			hasScannedForEncodings = 0;
			knownRegions = (
				en,
				Base,
			);
			mainGroup = CAD030361F86E93000276DA9;
			productRefGroup = CAD030401F86E93000276DA9 /* Products */;
			projectDirPath = "";
			projectRoot = "";
			targets = (
				CAD0303E1F86E93000276DA9 /* helpingHandV2 */,
			);
		};
/* End PBXProject section */

/* Begin PBXResourcesBuildPhase section */
		CAD0303D1F86E93000276DA9 /* Resources */ = {
			isa = PBXResourcesBuildPhase;
			buildActionMask = 2147483647;
			files = (
				CAD030501F86E93000276DA9 /* LaunchScreen.storyboard in Resources */,
				CAD0304D1F86E93000276DA9 /* Assets.xcassets in Resources */,
				CAD030481F86E93000276DA9 /* Main.storyboard in Resources */,
			);
			runOnlyForDeploymentPostprocessing = 0;
		};
/* End PBXResourcesBuildPhase section */

/* Begin PBXShellScriptBuildPhase section */
		5DF95249EBCA78005DBBA8D2 /* [CP] Copy Pods Resources */ = {
			isa = PBXShellScriptBuildPhase;
			buildActionMask = 2147483647;
			files = (
			);
			inputPaths = (
			);
			name = "[CP] Copy Pods Resources";
			outputPaths = (
			);
			runOnlyForDeploymentPostprocessing = 0;
			shellPath = /bin/sh;
			shellScript = "\"${SRCROOT}/Pods/Target Support Files/Pods-helpingHandV2/Pods-helpingHandV2-resources.sh\"\n";
			showEnvVarsInLog = 0;
		};
		B5A7253C42DC5610EF78D165 /* [CP] Check Pods Manifest.lock */ = {
			isa = PBXShellScriptBuildPhase;
			buildActionMask = 2147483647;
			files = (
			);
			inputPaths = (
				"${PODS_PODFILE_DIR_PATH}/Podfile.lock",
				"${PODS_ROOT}/Manifest.lock",
			);
			name = "[CP] Check Pods Manifest.lock";
			outputPaths = (
				"$(DERIVED_FILE_DIR)/Pods-helpingHandV2-checkManifestLockResult.txt",
			);
			runOnlyForDeploymentPostprocessing = 0;
			shellPath = /bin/sh;
			shellScript = "diff \"${PODS_PODFILE_DIR_PATH}/Podfile.lock\" \"${PODS_ROOT}/Manifest.lock\" > /dev/null\nif [ $? != 0 ] ; then\n    # print error to STDERR\n    echo \"error: The sandbox is not in sync with the Podfile.lock. Run 'pod install' or update your CocoaPods installation.\" >&2\n    exit 1\nfi\n# This output is used by Xcode 'outputs' to avoid re-running this script phase.\necho \"SUCCESS\" > \"${SCRIPT_OUTPUT_FILE_0}\"\n";
			showEnvVarsInLog = 0;
		};
		F65DCBE60E4FE8C47EC2B965 /* [CP] Embed Pods Frameworks */ = {
			isa = PBXShellScriptBuildPhase;
			buildActionMask = 2147483647;
			files = (
			);
			inputPaths = (
				"${SRCROOT}/Pods/Target Support Files/Pods-helpingHandV2/Pods-helpingHandV2-frameworks.sh",
				"${BUILT_PRODUCTS_DIR}/Bolts/Bolts.framework",
				"${BUILT_PRODUCTS_DIR}/FBSDKCoreKit/FBSDKCoreKit.framework",
				"${BUILT_PRODUCTS_DIR}/FBSDKLoginKit/FBSDKLoginKit.framework",
				"${BUILT_PRODUCTS_DIR}/FBSDKShareKit/FBSDKShareKit.framework",
			);
			name = "[CP] Embed Pods Frameworks";
			outputPaths = (
				"${TARGET_BUILD_DIR}/${FRAMEWORKS_FOLDER_PATH}/Bolts.framework",
				"${TARGET_BUILD_DIR}/${FRAMEWORKS_FOLDER_PATH}/FBSDKCoreKit.framework",
				"${TARGET_BUILD_DIR}/${FRAMEWORKS_FOLDER_PATH}/FBSDKLoginKit.framework",
				"${TARGET_BUILD_DIR}/${FRAMEWORKS_FOLDER_PATH}/FBSDKShareKit.framework",
			);
			runOnlyForDeploymentPostprocessing = 0;
			shellPath = /bin/sh;
			shellScript = "\"${SRCROOT}/Pods/Target Support Files/Pods-helpingHandV2/Pods-helpingHandV2-frameworks.sh\"\n";
			showEnvVarsInLog = 0;
		};
/* End PBXShellScriptBuildPhase section */

/* Begin PBXSourcesBuildPhase section */
		CAD0303B1F86E93000276DA9 /* Sources */ = {
			isa = PBXSourcesBuildPhase;
			buildActionMask = 2147483647;
			files = (
				CAD0304B1F86E93000276DA9 /* helpingHandV2.xcdatamodeld in Sources */,
				CAD0305A1F86F0A000276DA9 /* ViewController.swift in Sources */,
				CAD030431F86E93000276DA9 /* AppDelegate.swift in Sources */,
			);
			runOnlyForDeploymentPostprocessing = 0;
		};
/* End PBXSourcesBuildPhase section */

/* Begin PBXVariantGroup section */
		CAD030461F86E93000276DA9 /* Main.storyboard */ = {
			isa = PBXVariantGroup;
			children = (
				CAD030471F86E93000276DA9 /* Base */,
			);
			name = Main.storyboard;
			sourceTree = "<group>";
		};
		CAD0304E1F86E93000276DA9 /* LaunchScreen.storyboard */ = {
			isa = PBXVariantGroup;
			children = (
				CAD0304F1F86E93000276DA9 /* Base */,
			);
			name = LaunchScreen.storyboard;
			sourceTree = "<group>";
		};
/* End PBXVariantGroup section */

/* Begin XCBuildConfiguration section */
		CAD030521F86E93000276DA9 /* Debug */ = {
			isa = XCBuildConfiguration;
			buildSettings = {
				ALWAYS_SEARCH_USER_PATHS = NO;
				CLANG_ANALYZER_NONNULL = YES;
				CLANG_ANALYZER_NUMBER_OBJECT_CONVERSION = YES_AGGRESSIVE;
				CLANG_CXX_LANGUAGE_STANDARD = "gnu++14";
				CLANG_CXX_LIBRARY = "libc++";
				CLANG_ENABLE_MODULES = YES;
				CLANG_ENABLE_OBJC_ARC = YES;
				CLANG_WARN_BLOCK_CAPTURE_AUTORELEASING = YES;
				CLANG_WARN_BOOL_CONVERSION = YES;
				CLANG_WARN_COMMA = YES;
				CLANG_WARN_CONSTANT_CONVERSION = YES;
				CLANG_WARN_DIRECT_OBJC_ISA_USAGE = YES_ERROR;
				CLANG_WARN_DOCUMENTATION_COMMENTS = YES;
				CLANG_WARN_EMPTY_BODY = YES;
				CLANG_WARN_ENUM_CONVERSION = YES;
				CLANG_WARN_INFINITE_RECURSION = YES;
				CLANG_WARN_INT_CONVERSION = YES;
				CLANG_WARN_NON_LITERAL_NULL_CONVERSION = YES;
				CLANG_WARN_OBJC_LITERAL_CONVERSION = YES;
				CLANG_WARN_OBJC_ROOT_CLASS = YES_ERROR;
				CLANG_WARN_RANGE_LOOP_ANALYSIS = YES;
				CLANG_WARN_STRICT_PROTOTYPES = YES;
				CLANG_WARN_SUSPICIOUS_MOVE = YES;
				CLANG_WARN_UNGUARDED_AVAILABILITY = YES_AGGRESSIVE;
				CLANG_WARN_UNREACHABLE_CODE = YES;
				CLANG_WARN__DUPLICATE_METHOD_MATCH = YES;
				CODE_SIGN_IDENTITY = "iPhone Developer";
				COPY_PHASE_STRIP = NO;
				DEBUG_INFORMATION_FORMAT = dwarf;
				ENABLE_STRICT_OBJC_MSGSEND = YES;
				ENABLE_TESTABILITY = YES;
				GCC_C_LANGUAGE_STANDARD = gnu11;
				GCC_DYNAMIC_NO_PIC = NO;
				GCC_NO_COMMON_BLOCKS = YES;
				GCC_OPTIMIZATION_LEVEL = 0;
				GCC_PREPROCESSOR_DEFINITIONS = (
					"DEBUG=1",
					"$(inherited)",
				);
				GCC_WARN_64_TO_32_BIT_CONVERSION = YES;
				GCC_WARN_ABOUT_RETURN_TYPE = YES_ERROR;
				GCC_WARN_UNDECLARED_SELECTOR = YES;
				GCC_WARN_UNINITIALIZED_AUTOS = YES_AGGRESSIVE;
				GCC_WARN_UNUSED_FUNCTION = YES;
				GCC_WARN_UNUSED_VARIABLE = YES;
				IPHONEOS_DEPLOYMENT_TARGET = 11.0;
				MTL_ENABLE_DEBUG_INFO = YES;
				ONLY_ACTIVE_ARCH = YES;
				SDKROOT = iphoneos;
				SWIFT_ACTIVE_COMPILATION_CONDITIONS = DEBUG;
				SWIFT_OPTIMIZATION_LEVEL = "-Onone";
			};
			name = Debug;
		};
		CAD030531F86E93000276DA9 /* Release */ = {
			isa = XCBuildConfiguration;
			buildSettings = {
				ALWAYS_SEARCH_USER_PATHS = NO;
				CLANG_ANALYZER_NONNULL = YES;
				CLANG_ANALYZER_NUMBER_OBJECT_CONVERSION = YES_AGGRESSIVE;
				CLANG_CXX_LANGUAGE_STANDARD = "gnu++14";
				CLANG_CXX_LIBRARY = "libc++";
				CLANG_ENABLE_MODULES = YES;
				CLANG_ENABLE_OBJC_ARC = YES;
				CLANG_WARN_BLOCK_CAPTURE_AUTORELEASING = YES;
				CLANG_WARN_BOOL_CONVERSION = YES;
				CLANG_WARN_COMMA = YES;
				CLANG_WARN_CONSTANT_CONVERSION = YES;
				CLANG_WARN_DIRECT_OBJC_ISA_USAGE = YES_ERROR;
				CLANG_WARN_DOCUMENTATION_COMMENTS = YES;
				CLANG_WARN_EMPTY_BODY = YES;
				CLANG_WARN_ENUM_CONVERSION = YES;
				CLANG_WARN_INFINITE_RECURSION = YES;
				CLANG_WARN_INT_CONVERSION = YES;
				CLANG_WARN_NON_LITERAL_NULL_CONVERSION = YES;
				CLANG_WARN_OBJC_LITERAL_CONVERSION = YES;
				CLANG_WARN_OBJC_ROOT_CLASS = YES_ERROR;
				CLANG_WARN_RANGE_LOOP_ANALYSIS = YES;
				CLANG_WARN_STRICT_PROTOTYPES = YES;
				CLANG_WARN_SUSPICIOUS_MOVE = YES;
				CLANG_WARN_UNGUARDED_AVAILABILITY = YES_AGGRESSIVE;
				CLANG_WARN_UNREACHABLE_CODE = YES;
				CLANG_WARN__DUPLICATE_METHOD_MATCH = YES;
				CODE_SIGN_IDENTITY = "iPhone Developer";
				COPY_PHASE_STRIP = NO;
				DEBUG_INFORMATION_FORMAT = "dwarf-with-dsym";
				ENABLE_NS_ASSERTIONS = NO;
				ENABLE_STRICT_OBJC_MSGSEND = YES;
				GCC_C_LANGUAGE_STANDARD = gnu11;
				GCC_NO_COMMON_BLOCKS = YES;
				GCC_WARN_64_TO_32_BIT_CONVERSION = YES;
				GCC_WARN_ABOUT_RETURN_TYPE = YES_ERROR;
				GCC_WARN_UNDECLARED_SELECTOR = YES;
				GCC_WARN_UNINITIALIZED_AUTOS = YES_AGGRESSIVE;
				GCC_WARN_UNUSED_FUNCTION = YES;
				GCC_WARN_UNUSED_VARIABLE = YES;
				IPHONEOS_DEPLOYMENT_TARGET = 11.0;
				MTL_ENABLE_DEBUG_INFO = NO;
				SDKROOT = iphoneos;
				SWIFT_OPTIMIZATION_LEVEL = "-Owholemodule";
				VALIDATE_PRODUCT = YES;
			};
			name = Release;
		};
		CAD030551F86E93000276DA9 /* Debug */ = {
			isa = XCBuildConfiguration;
			baseConfigurationReference = 4A5CAEF92A8940581F15EFEC /* Pods-helpingHandV2.debug.xcconfig */;
			buildSettings = {
				ASSETCATALOG_COMPILER_APPICON_NAME = AppIcon;
				CODE_SIGN_STYLE = Automatic;
				DEVELOPMENT_TEAM = 4TNELUUJWJ;
				INFOPLIST_FILE = helpingHandV2/Info.plist;
				LD_RUNPATH_SEARCH_PATHS = "$(inherited) @executable_path/Frameworks";
				PRODUCT_BUNDLE_IDENTIFIER = com.hamzalakhani.helpingHandV2;
				PRODUCT_NAME = "$(TARGET_NAME)";
				SWIFT_VERSION = 4.0;
				TARGETED_DEVICE_FAMILY = "1,2";
			};
			name = Debug;
		};
		CAD030561F86E93000276DA9 /* Release */ = {
			isa = XCBuildConfiguration;
			baseConfigurationReference = BA55F9295664ED586C41444B /* Pods-helpingHandV2.release.xcconfig */;
			buildSettings = {
				ASSETCATALOG_COMPILER_APPICON_NAME = AppIcon;
				CODE_SIGN_STYLE = Automatic;
				DEVELOPMENT_TEAM = 4TNELUUJWJ;
				INFOPLIST_FILE = helpingHandV2/Info.plist;
				LD_RUNPATH_SEARCH_PATHS = "$(inherited) @executable_path/Frameworks";
				PRODUCT_BUNDLE_IDENTIFIER = com.hamzalakhani.helpingHandV2;
				PRODUCT_NAME = "$(TARGET_NAME)";
				SWIFT_VERSION = 4.0;
				TARGETED_DEVICE_FAMILY = "1,2";
			};
			name = Release;
		};
/* End XCBuildConfiguration section */

/* Begin XCConfigurationList section */
		CAD0303A1F86E93000276DA9 /* Build configuration list for PBXProject "helpingHandV2" */ = {
			isa = XCConfigurationList;
			buildConfigurations = (
				CAD030521F86E93000276DA9 /* Debug */,
				CAD030531F86E93000276DA9 /* Release */,
			);
			defaultConfigurationIsVisible = 0;
			defaultConfigurationName = Release;
		};
		CAD030541F86E93000276DA9 /* Build configuration list for PBXNativeTarget "helpingHandV2" */ = {
			isa = XCConfigurationList;
			buildConfigurations = (
				CAD030551F86E93000276DA9 /* Debug */,
				CAD030561F86E93000276DA9 /* Release */,
			);
			defaultConfigurationIsVisible = 0;
			defaultConfigurationName = Release;
		};
/* End XCConfigurationList section */

/* Begin XCVersionGroup section */
		CAD030491F86E93000276DA9 /* helpingHandV2.xcdatamodeld */ = {
			isa = XCVersionGroup;
			children = (
				CAD0304A1F86E93000276DA9 /* helpingHandV2.xcdatamodel */,
			);
			currentVersion = CAD0304A1F86E93000276DA9 /* helpingHandV2.xcdatamodel */;
			path = helpingHandV2.xcdatamodeld;
			sourceTree = "<group>";
			versionGroupType = wrapper.xcdatamodel;
		};
/* End XCVersionGroup section */
	};
	rootObject = CAD030371F86E93000276DA9 /* Project object */;
}
